
Microsoft Visual Studio Solution File, Format Version 12.00
# Visual Studio 2013
VisualStudioVersion = 12.0.30723.0
MinimumVisualStudioVersion = 10.0.40219.1
Project("{FAE04EC0-301F-11D3-BF4B-00C04F79EFBC}") = "MyMusic", "MyMusic\MyMusic.csproj", "{12D8BE58-4ACB-412B-9275-A45C57B2A53F}"
EndProject
Project("{FAE04EC0-301F-11D3-BF4B-00C04F79EFBC}") = "MyPlaylistManager", "MyMusic\MyPlaylistManager\MyPlaylistManager.csproj", "{31497544-A66C-4E8B-BD04-B1B030C59453}"
EndProject
Project("{FAE04EC0-301F-11D3-BF4B-00C04F79EFBC}") = "BackgroundTask", "MyMusic\BackgroundTask\BackgroundTask.csproj", "{6744C184-F461-4065-A805-13C28B7F6D67}"
EndProject
Project("{FAE04EC0-301F-11D3-BF4B-00C04F79EFBC}") = "SQLiteBase", "MyMusic\SQLiteBase\SQLiteBase.csproj", "{170BF15A-A1D4-4D4F-BAB1-136227A524CE}"
EndProject
Global
	GlobalSection(SolutionConfigurationPlatforms) = preSolution
		Debug|Any CPU = Debug|Any CPU
		Debug|ARM = Debug|ARM
		Debug|Mixed Platforms = Debug|Mixed Platforms
		Debug|x64 = Debug|x64
		Debug|x86 = Debug|x86
		Release|Any CPU = Release|Any CPU
		Release|ARM = Release|ARM
		Release|Mixed Platforms = Release|Mixed Platforms
		Release|x64 = Release|x64
		Release|x86 = Release|x86
	EndGlobalSection
	GlobalSection(ProjectConfigurationPlatforms) = postSolution
		{12D8BE58-4ACB-412B-9275-A45C57B2A53F}.Debug|Any CPU.ActiveCfg = Debug|ARM
		{12D8BE58-4ACB-412B-9275-A45C57B2A53F}.Debug|Any CPU.Build.0 = Debug|ARM
		{12D8BE58-4ACB-412B-9275-A45C57B2A53F}.Debug|Any CPU.Deploy.0 = Debug|ARM
		{12D8BE58-4ACB-412B-9275-A45C57B2A53F}.Debug|ARM.ActiveCfg = Debug|ARM
		{12D8BE58-4ACB-412B-9275-A45C57B2A53F}.Debug|ARM.Build.0 = Debug|ARM
		{12D8BE58-4ACB-412B-9275-A45C57B2A53F}.Debug|ARM.Deploy.0 = Debug|ARM
		{12D8BE58-4ACB-412B-9275-A45C57B2A53F}.Debug|Mixed Platforms.ActiveCfg = Debug|ARM
		{12D8BE58-4ACB-412B-9275-A45C57B2A53F}.Debug|Mixed Platforms.Build.0 = Debug|ARM
		{12D8BE58-4ACB-412B-9275-A45C57B2A53F}.Debug|x64.ActiveCfg = Debug|ARM
		{12D8BE58-4ACB-412B-9275-A45C57B2A53F}.Debug|x64.Build.0 = Debug|ARM
		{12D8BE58-4ACB-412B-9275-A45C57B2A53F}.Debug|x64.Deploy.0 = Debug|ARM
		{12D8BE58-4ACB-412B-9275-A45C57B2A53F}.Debug|x86.ActiveCfg = Debug|x86
		{12D8BE58-4ACB-412B-9275-A45C57B2A53F}.Debug|x86.Build.0 = Debug|x86
		{12D8BE58-4ACB-412B-9275-A45C57B2A53F}.Debug|x86.Deploy.0 = Debug|x86
		{12D8BE58-4ACB-412B-9275-A45C57B2A53F}.Release|Any CPU.ActiveCfg = Release|Any CPU
		{12D8BE58-4ACB-412B-9275-A45C57B2A53F}.Release|Any CPU.Build.0 = Release|Any CPU
		{12D8BE58-4ACB-412B-9275-A45C57B2A53F}.Release|Any CPU.Deploy.0 = Release|Any CPU
		{12D8BE58-4ACB-412B-9275-A45C57B2A53F}.Release|ARM.ActiveCfg = Release|ARM
		{12D8BE58-4ACB-412B-9275-A45C57B2A53F}.Release|ARM.Build.0 = Release|ARM
		{12D8BE58-4ACB-412B-9275-A45C57B2A53F}.Release|ARM.Deploy.0 = Release|ARM
		{12D8BE58-4ACB-412B-9275-A45C57B2A53F}.Release|Mixed Platforms.ActiveCfg = Release|x86
		{12D8BE58-4ACB-412B-9275-A45C57B2A53F}.Release|Mixed Platforms.Build.0 = Release|x86
		{12D8BE58-4ACB-412B-9275-A45C57B2A53F}.Release|Mixed Platforms.Deploy.0 = Release|x86
		{12D8BE58-4ACB-412B-9275-A45C57B2A53F}.Release|x64.ActiveCfg = Release|x64
		{12D8BE58-4ACB-412B-9275-A45C57B2A53F}.Release|x64.Build.0 = Release|x64
		{12D8BE58-4ACB-412B-9275-A45C57B2A53F}.Release|x64.Deploy.0 = Release|x64
		{12D8BE58-4ACB-412B-9275-A45C57B2A53F}.Release|x86.ActiveCfg = Release|x86
		{12D8BE58-4ACB-412B-9275-A45C57B2A53F}.Release|x86.Build.0 = Release|x86
		{12D8BE58-4ACB-412B-9275-A45C57B2A53F}.Release|x86.Deploy.0 = Release|x86
		{31497544-A66C-4E8B-BD04-B1B030C59453}.Debug|Any CPU.ActiveCfg = Debug|Any CPU
		{31497544-A66C-4E8B-BD04-B1B030C59453}.Debug|Any CPU.Build.0 = Debug|Any CPU
		{31497544-A66C-4E8B-BD04-B1B030C59453}.Debug|ARM.ActiveCfg = Debug|ARM
		{31497544-A66C-4E8B-BD04-B1B030C59453}.Debug|ARM.Build.0 = Debug|ARM
		{31497544-A66C-4E8B-BD04-B1B030C59453}.Debug|Mixed Platforms.ActiveCfg = Debug|x86
		{31497544-A66C-4E8B-BD04-B1B030C59453}.Debug|Mixed Platforms.Build.0 = Debug|x86
		{31497544-A66C-4E8B-BD04-B1B030C59453}.Debug|x64.ActiveCfg = Debug|Any CPU
		{31497544-A66C-4E8B-BD04-B1B030C59453}.Debug|x86.ActiveCfg = Debug|x86
		{31497544-A66C-4E8B-BD04-B1B030C59453}.Debug|x86.Build.0 = Debug|x86
		{31497544-A66C-4E8B-BD04-B1B030C59453}.Release|Any CPU.ActiveCfg = Release|Any CPU
		{31497544-A66C-4E8B-BD04-B1B030C59453}.Release|Any CPU.Build.0 = Release|Any CPU
		{31497544-A66C-4E8B-BD04-B1B030C59453}.Release|ARM.ActiveCfg = Release|ARM
		{31497544-A66C-4E8B-BD04-B1B030C59453}.Release|ARM.Build.0 = Release|ARM
		{31497544-A66C-4E8B-BD04-B1B030C59453}.Release|Mixed Platforms.ActiveCfg = Release|x86
		{31497544-A66C-4E8B-BD04-B1B030C59453}.Release|Mixed Platforms.Build.0 = Release|x86
		{31497544-A66C-4E8B-BD04-B1B030C59453}.Release|x64.ActiveCfg = Release|Any CPU
		{31497544-A66C-4E8B-BD04-B1B030C59453}.Release|x86.ActiveCfg = Release|x86
		{31497544-A66C-4E8B-BD04-B1B030C59453}.Release|x86.Build.0 = Release|x86
		{6744C184-F461-4065-A805-13C28B7F6D67}.Debug|Any CPU.ActiveCfg = Debug|Any CPU
		{6744C184-F461-4065-A805-13C28B7F6D67}.Debug|Any CPU.Build.0 = Debug|Any CPU
		{6744C184-F461-4065-A805-13C28B7F6D67}.Debug|ARM.ActiveCfg = Debug|ARM
		{6744C184-F461-4065-A805-13C28B7F6D67}.Debug|ARM.Build.0 = Debug|ARM
		{6744C184-F461-4065-A805-13C28B7F6D67}.Debug|Mixed Platforms.ActiveCfg = Debug|x86
		{6744C184-F461-4065-A805-13C28B7F6D67}.Debug|Mixed Platforms.Build.0 = Debug|x86
		{6744C184-F461-4065-A805-13C28B7F6D67}.Debug|x64.ActiveCfg = Debug|Any CPU
		{6744C184-F461-4065-A805-13C28B7F6D67}.Debug|x86.ActiveCfg = Debug|x86
		{6744C184-F461-4065-A805-13C28B7F6D67}.Debug|x86.Build.0 = Debug|x86
		{6744C184-F461-4065-A805-13C28B7F6D67}.Release|Any CPU.ActiveCfg = Release|Any CPU
		{6744C184-F461-4065-A805-13C28B7F6D67}.Release|Any CPU.Build.0 = Release|Any CPU
		{6744C184-F461-4065-A805-13C28B7F6D67}.Release|ARM.ActiveCfg = Release|ARM
		{6744C184-F461-4065-A805-13C28B7F6D67}.Release|ARM.Build.0 = Release|ARM
		{6744C184-F461-4065-A805-13C28B7F6D67}.Release|Mixed Platforms.ActiveCfg = Release|x86
		{6744C184-F461-4065-A805-13C28B7F6D67}.Release|Mixed Platforms.Build.0 = Release|x86
		{6744C184-F461-4065-A805-13C28B7F6D67}.Release|x64.ActiveCfg = Release|Any CPU
		{6744C184-F461-4065-A805-13C28B7F6D67}.Release|x86.ActiveCfg = Release|x86
		{6744C184-F461-4065-A805-13C28B7F6D67}.Release|x86.Build.0 = Release|x86
		{170BF15A-A1D4-4D4F-BAB1-136227A524CE}.Debug|Any CPU.ActiveCfg = Debug|Any CPU
		{170BF15A-A1D4-4D4F-BAB1-136227A524CE}.Debug|Any CPU.Build.0 = Debug|Any CPU
		{170BF15A-A1D4-4D4F-BAB1-136227A524CE}.Debug|ARM.ActiveCfg = Debug|ARM
		{170BF15A-A1D4-4D4F-BAB1-136227A524CE}.Debug|ARM.Build.0 = Debug|ARM
		{170BF15A-A1D4-4D4F-BAB1-136227A524CE}.Debug|Mixed Platforms.ActiveCfg = Debug|x86
		{170BF15A-A1D4-4D4F-BAB1-136227A524CE}.Debug|Mixed Platforms.Build.0 = Debug|x86
		{170BF15A-A1D4-4D4F-BAB1-136227A524CE}.Debug|x64.ActiveCfg = Debug|Any CPU
		{170BF15A-A1D4-4D4F-BAB1-136227A524CE}.Debug|x86.ActiveCfg = Debug|x86
		{170BF15A-A1D4-4D4F-BAB1-136227A524CE}.Debug|x86.Build.0 = Debug|x86
		{170BF15A-A1D4-4D4F-BAB1-136227A524CE}.Release|Any CPU.ActiveCfg = Release|Any CPU
		{170BF15A-A1D4-4D4F-BAB1-136227A524CE}.Release|Any CPU.Build.0 = Release|Any CPU
		{170BF15A-A1D4-4D4F-BAB1-136227A524CE}.Release|ARM.ActiveCfg = Release|ARM
		{170BF15A-A1D4-4D4F-BAB1-136227A524CE}.Release|ARM.Build.0 = Release|ARM
		{170BF15A-A1D4-4D4F-BAB1-136227A524CE}.Release|Mixed Platforms.ActiveCfg = Release|x86
		{170BF15A-A1D4-4D4F-BAB1-136227A524CE}.Release|Mixed Platforms.Build.0 = Release|x86
		{170BF15A-A1D4-4D4F-BAB1-136227A524CE}.Release|x64.ActiveCfg = Release|Any CPU
		{170BF15A-A1D4-4D4F-BAB1-136227A524CE}.Release|x86.ActiveCfg = Release|x86
		{170BF15A-A1D4-4D4F-BAB1-136227A524CE}.Release|x86.Build.0 = Release|x86
	EndGlobalSection
	GlobalSection(SolutionProperties) = preSolution
		HideSolutionNode = FALSE
	EndGlobalSection
EndGlobal
